{
  "version": "4",
  "specifiers": {
    "jsr:@effection-contrib/test-adapter@0.1": "0.1.0",
    "jsr:@effection/effection@^4.0.0-alpha.7": "4.0.0-alpha.7",
    "jsr:@kuuote/lsp-stream@*": "3.0.0",
    "jsr:@std/assert@1": "1.0.11",
    "jsr:@std/assert@^1.0.10": "1.0.11",
    "jsr:@std/bytes@0.222.1": "0.222.1",
    "jsr:@std/data-structures@^1.0.6": "1.0.6",
    "jsr:@std/fs@^1.0.9": "1.0.13",
    "jsr:@std/internal@^1.0.5": "1.0.5",
    "jsr:@std/json@*": "1.0.1",
    "jsr:@std/path@^1.0.8": "1.0.8",
    "jsr:@std/streams@^1.0.7": "1.0.9",
    "jsr:@std/testing@^1.0.9": "1.0.9",
    "npm:@types/node@*": "22.5.4",
    "npm:effection@4.0.0-alpha.5": "4.0.0-alpha.5",
    "npm:vscode-jsonrpc@^8.2.1": "8.2.1",
    "npm:zod-opts@~0.1.8": "0.1.8",
    "npm:zod@^3.24.2": "3.24.2"
  },
  "jsr": {
    "@effection-contrib/test-adapter@0.1.0": {
      "integrity": "1263aed6b7e6cff8655eb410a81875f633ccaf15074b9ebb375f6457394f6dd4",
      "dependencies": [
        "npm:effection"
      ]
    },
    "@effection/effection@4.0.0-alpha.7": {
      "integrity": "bb6be892e048c784a4d0ae274a5f9197eb968e3bab15a83b7763a9b1f74a382d"
    },
    "@kuuote/lsp-stream@3.0.0": {
      "integrity": "6b5b32489f55b5967e6b7c1587f4aadcc940458f6368a186d20dc7448ca83d55",
      "dependencies": [
        "jsr:@std/bytes"
      ]
    },
    "@std/assert@1.0.11": {
      "integrity": "2461ef3c368fe88bc60e186e7744a93112f16fd110022e113a0849e94d1c83c1",
      "dependencies": [
        "jsr:@std/internal"
      ]
    },
    "@std/bytes@0.222.1": {
      "integrity": "04dbf33e889ed5f9f6a87bc6b6b882dc105fffae6d2b042f832d92d4f34771c0"
    },
    "@std/data-structures@1.0.6": {
      "integrity": "76a7fd8080c66604c0496220a791860492ab21a04a63a969c0b9a0609bbbb760"
    },
    "@std/fs@1.0.13": {
      "integrity": "756d3ff0ade91c9e72b228e8012b6ff00c3d4a4ac9c642c4dac083536bf6c605",
      "dependencies": [
        "jsr:@std/path"
      ]
    },
    "@std/internal@1.0.5": {
      "integrity": "54a546004f769c1ac9e025abd15a76b6671ddc9687e2313b67376125650dc7ba"
    },
    "@std/json@1.0.1": {
      "integrity": "1f0f70737e8827f9acca086282e903677bc1bb0c8ffcd1f21bca60039563049f",
      "dependencies": [
        "jsr:@std/streams"
      ]
    },
    "@std/path@1.0.8": {
      "integrity": "548fa456bb6a04d3c1a1e7477986b6cffbce95102d0bb447c67c4ee70e0364be"
    },
    "@std/streams@1.0.9": {
      "integrity": "a9d26b1988cdd7aa7b1f4b51e1c36c1557f3f252880fa6cc5b9f37078b1a5035"
    },
    "@std/testing@1.0.9": {
      "integrity": "9bdd4ac07cb13e7594ac30e90f6ceef7254ac83a9aeaa089be0008f33aab5cd4",
      "dependencies": [
        "jsr:@std/assert@^1.0.10",
        "jsr:@std/data-structures",
        "jsr:@std/fs",
        "jsr:@std/internal",
        "jsr:@std/path"
      ]
    }
  },
  "npm": {
    "@types/node@22.5.4": {
      "integrity": "sha512-FDuKUJQm/ju9fT/SeX/6+gBzoPzlVCzfzmGkwKvRHQVxi4BntVbyIwf6a4Xn62mrvndLiml6z/UBXIdEVjQLXg==",
      "dependencies": [
        "undici-types"
      ]
    },
    "effection@4.0.0-alpha.5": {
      "integrity": "sha512-7s8dwQF8oqOxtsUrFMRQBUOWXq23Khb/IYurwqEnSTUwsgkSgQww/9A9aBwdRQ1hMmELouy/YkvhC7e9oGQfbA=="
    },
    "undici-types@6.19.8": {
      "integrity": "sha512-ve2KP6f/JnbPBFyobGHuerC9g1FYGn/F8n1LWTwNxCEzd6IfqTwUQcNXgEtmmQ6DlRrC1hrSrBnCZPokRrDHjw=="
    },
    "vscode-jsonrpc@8.2.1": {
      "integrity": "sha512-kdjOSJ2lLIn7r1rtrMbbNCHjyMPfRnowdKjBQ+mGq6NAW5QY2bEZC/khaC5OR8svbbjvLEaIXkOq45e2X9BIbQ=="
    },
    "zod-opts@0.1.8": {
      "integrity": "sha512-YZhdEcIL3D2W9fXCCf/UBgrBS90c8w25RTteh5GihGIZzadYr/qIFxyM2L98zHUkZ2S8MMxwn3ny8fzPNnvPlg==",
      "dependencies": [
        "zod"
      ]
    },
    "zod@3.24.2": {
      "integrity": "sha512-lY7CDW43ECgW9u1TcT3IoXHflywfVqDYze4waEz812jR/bZ8FHDsl7pFQoSZTz5N+2NqRXs8GBwnAwo3ZNxqhQ=="
    }
  },
  "workspace": {
    "dependencies": [
      "jsr:@effection-contrib/test-adapter@0.1",
      "jsr:@effection/effection@^4.0.0-alpha.7",
      "jsr:@std/assert@1",
      "jsr:@std/testing@^1.0.9",
      "npm:vscode-jsonrpc@^8.2.1",
      "npm:zod-opts@~0.1.8",
      "npm:zod@^3.24.2"
    ]
  }
}
